# THIS IS AN AUTOGENERATED FILE. DO NOT EDIT THIS FILE DIRECTLY.
# yarn lockfile v1


serverless-lambda-edge-pre-existing-cloudfront@^1.1.5:
  version "1.1.5"
  resolved "https://registry.yarnpkg.com/serverless-lambda-edge-pre-existing-cloudfront/-/serverless-lambda-edge-pre-existing-cloudfront-1.1.5.tgz#2b6675e104238c05f338756f8841f6f24c8d8ff9"
  integrity sha512-4HNi6enU2VUXKaynd23jsKgCWwH9it16i+zcJGK0r6kR1o6AjfePkF5hNlJtIx8Z7KBfQ4wmiJ5Aq4urExE+mw==
